// !$*UTF8*$!
{
	archiveVersion = 1;
	classes = {
	};
	objectVersion = 46;
	objects = {

/* Begin PBXBuildFile section */
		45F2738889C8C43F68326ED9 /* Pods_TimeToEat.framework in Frameworks */ = {isa = PBXBuildFile; fileRef = 8AB90BA5096B96CE4E320DCD /* Pods_TimeToEat.framework */; };
		CE0D34741D40C27D00EC34B6 /* PlaceDetailsView.swift in Sources */ = {isa = PBXBuildFile; fileRef = CE0D34731D40C27D00EC34B6 /* PlaceDetailsView.swift */; };
		CE0D34761D40EEBB00EC34B6 /* DetailsViewMode.swift in Sources */ = {isa = PBXBuildFile; fileRef = CE0D34751D40EEBB00EC34B6 /* DetailsViewMode.swift */; };
		CE108E3A1D390FFB009F62C8 /* ActivityIndicator.swift in Sources */ = {isa = PBXBuildFile; fileRef = CE108E391D390FFB009F62C8 /* ActivityIndicator.swift */; };
		CE108E3C1D391A4C009F62C8 /* Location.swift in Sources */ = {isa = PBXBuildFile; fileRef = CE108E3B1D391A4C009F62C8 /* Location.swift */; };
		CE22DA841D34B72300E44E15 /* MapViewController.swift in Sources */ = {isa = PBXBuildFile; fileRef = CE22DA831D34B72300E44E15 /* MapViewController.swift */; };
		CE5F39831D2E5AD1004E1A50 /* AppDelegate.swift in Sources */ = {isa = PBXBuildFile; fileRef = CE5F39821D2E5AD1004E1A50 /* AppDelegate.swift */; };
		CE5F398A1D2E5AD1004E1A50 /* Assets.xcassets in Resources */ = {isa = PBXBuildFile; fileRef = CE5F39891D2E5AD1004E1A50 /* Assets.xcassets */; };
		CE5F39961D2E5B18004E1A50 /* MainViewController.swift in Sources */ = {isa = PBXBuildFile; fileRef = CE5F39951D2E5B18004E1A50 /* MainViewController.swift */; };
		CE5F399F1D2E6011004E1A50 /* Colors.swift in Sources */ = {isa = PBXBuildFile; fileRef = CE5F399E1D2E6011004E1A50 /* Colors.swift */; };
		CE5F39A11D2E87B2004E1A50 /* Place.swift in Sources */ = {isa = PBXBuildFile; fileRef = CE5F39A01D2E87B2004E1A50 /* Place.swift */; };
		CE5F39A31D2E88A5004E1A50 /* PlaceTableViewCell.swift in Sources */ = {isa = PBXBuildFile; fileRef = CE5F39A21D2E88A5004E1A50 /* PlaceTableViewCell.swift */; };
		CE7C17541D47415A00AD5EFB /* SearchViewController.swift in Sources */ = {isa = PBXBuildFile; fileRef = CE7C17531D47415A00AD5EFB /* SearchViewController.swift */; };
		CE9968931D5A0C5A00519970 /* UserCity.swift in Sources */ = {isa = PBXBuildFile; fileRef = CE9968921D5A0C5A00519970 /* UserCity.swift */; };
		CE9DE8FF1D5065D60073FC40 /* Launch Screen.storyboard in Resources */ = {isa = PBXBuildFile; fileRef = CE9DE8FE1D5065D60073FC40 /* Launch Screen.storyboard */; };
		CE9DE9011D54A1C60073FC40 /* SearchBoundary.swift in Sources */ = {isa = PBXBuildFile; fileRef = CE9DE9001D54A1C60073FC40 /* SearchBoundary.swift */; };
		CE9DE9081D54F2E70073FC40 /* InteractionGestureExtension.swift in Sources */ = {isa = PBXBuildFile; fileRef = CE9DE9071D54F2E70073FC40 /* InteractionGestureExtension.swift */; };
		CEA05A611D63242800E969F1 /* NoLocationServicesView.swift in Sources */ = {isa = PBXBuildFile; fileRef = CEA05A601D63242800E969F1 /* NoLocationServicesView.swift */; };
		CED81A081D35F5060037CA59 /* CoreLocation.framework in Frameworks */ = {isa = PBXBuildFile; fileRef = CED81A071D35F5060037CA59 /* CoreLocation.framework */; };
		CEE3F5B21D49FAB5003F6DD3 /* InteractionGestureRecognizer.swift in Sources */ = {isa = PBXBuildFile; fileRef = CEE3F5B11D49FAB5003F6DD3 /* InteractionGestureRecognizer.swift */; };
		CEE3F5B71D4F3243003F6DD3 /* SortingType.swift in Sources */ = {isa = PBXBuildFile; fileRef = CEE3F5B61D4F3243003F6DD3 /* SortingType.swift */; };
		CEEEB0891D5B33A20038BD29 /* NoCityView.swift in Sources */ = {isa = PBXBuildFile; fileRef = CEEEB0881D5B33A20038BD29 /* NoCityView.swift */; };
		CEEEB08B1D5C14810038BD29 /* ErrorCode.swift in Sources */ = {isa = PBXBuildFile; fileRef = CEEEB08A1D5C14810038BD29 /* ErrorCode.swift */; };
		CEEEB08D1D5C15B00038BD29 /* TableViewExtension.swift in Sources */ = {isa = PBXBuildFile; fileRef = CEEEB08C1D5C15B00038BD29 /* TableViewExtension.swift */; };
		CEEEB08F1D5C39E40038BD29 /* NoPlacesFound.swift in Sources */ = {isa = PBXBuildFile; fileRef = CEEEB08E1D5C39E40038BD29 /* NoPlacesFound.swift */; };
		CEEEB0B11D621DA20038BD29 /* NotAvailableCityView.swift in Sources */ = {isa = PBXBuildFile; fileRef = CEEEB0B01D621DA20038BD29 /* NotAvailableCityView.swift */; };
		CEF1D5151D34EEEF00A4BFFD /* Fonts.swift in Sources */ = {isa = PBXBuildFile; fileRef = CEF1D5141D34EEEF00A4BFFD /* Fonts.swift */; };
/* End PBXBuildFile section */

/* Begin PBXFileReference section */
		124572F240B2D690472B0540 /* Pods-TimeToEat.debug.xcconfig */ = {isa = PBXFileReference; includeInIndex = 1; lastKnownFileType = text.xcconfig; name = "Pods-TimeToEat.debug.xcconfig"; path = "Pods/Target Support Files/Pods-TimeToEat/Pods-TimeToEat.debug.xcconfig"; sourceTree = "<group>"; };
		81F96A18AC138C71CB374D65 /* Pods-TimeToEat.release.xcconfig */ = {isa = PBXFileReference; includeInIndex = 1; lastKnownFileType = text.xcconfig; name = "Pods-TimeToEat.release.xcconfig"; path = "Pods/Target Support Files/Pods-TimeToEat/Pods-TimeToEat.release.xcconfig"; sourceTree = "<group>"; };
		8AB90BA5096B96CE4E320DCD /* Pods_TimeToEat.framework */ = {isa = PBXFileReference; explicitFileType = wrapper.framework; includeInIndex = 0; path = Pods_TimeToEat.framework; sourceTree = BUILT_PRODUCTS_DIR; };
		CE0D34731D40C27D00EC34B6 /* PlaceDetailsView.swift */ = {isa = PBXFileReference; fileEncoding = 4; lastKnownFileType = sourcecode.swift; path = PlaceDetailsView.swift; sourceTree = "<group>"; };
		CE0D34751D40EEBB00EC34B6 /* DetailsViewMode.swift */ = {isa = PBXFileReference; fileEncoding = 4; lastKnownFileType = sourcecode.swift; path = DetailsViewMode.swift; sourceTree = "<group>"; };
		CE108E391D390FFB009F62C8 /* ActivityIndicator.swift */ = {isa = PBXFileReference; fileEncoding = 4; lastKnownFileType = sourcecode.swift; path = ActivityIndicator.swift; sourceTree = "<group>"; };
		CE108E3B1D391A4C009F62C8 /* Location.swift */ = {isa = PBXFileReference; fileEncoding = 4; lastKnownFileType = sourcecode.swift; path = Location.swift; sourceTree = "<group>"; };
		CE22DA831D34B72300E44E15 /* MapViewController.swift */ = {isa = PBXFileReference; fileEncoding = 4; lastKnownFileType = sourcecode.swift; path = MapViewController.swift; sourceTree = "<group>"; };
		CE5F397F1D2E5AD1004E1A50 /* TimeToEat.app */ = {isa = PBXFileReference; explicitFileType = wrapper.application; includeInIndex = 0; path = TimeToEat.app; sourceTree = BUILT_PRODUCTS_DIR; };
		CE5F39821D2E5AD1004E1A50 /* AppDelegate.swift */ = {isa = PBXFileReference; lastKnownFileType = sourcecode.swift; path = AppDelegate.swift; sourceTree = "<group>"; };
		CE5F39891D2E5AD1004E1A50 /* Assets.xcassets */ = {isa = PBXFileReference; lastKnownFileType = folder.assetcatalog; path = Assets.xcassets; sourceTree = "<group>"; };
		CE5F398E1D2E5AD1004E1A50 /* Info.plist */ = {isa = PBXFileReference; lastKnownFileType = text.plist.xml; path = Info.plist; sourceTree = "<group>"; };
		CE5F39951D2E5B18004E1A50 /* MainViewController.swift */ = {isa = PBXFileReference; fileEncoding = 4; lastKnownFileType = sourcecode.swift; path = MainViewController.swift; sourceTree = "<group>"; };
		CE5F399E1D2E6011004E1A50 /* Colors.swift */ = {isa = PBXFileReference; fileEncoding = 4; lastKnownFileType = sourcecode.swift; path = Colors.swift; sourceTree = "<group>"; };
		CE5F39A01D2E87B2004E1A50 /* Place.swift */ = {isa = PBXFileReference; fileEncoding = 4; lastKnownFileType = sourcecode.swift; path = Place.swift; sourceTree = "<group>"; };
		CE5F39A21D2E88A5004E1A50 /* PlaceTableViewCell.swift */ = {isa = PBXFileReference; fileEncoding = 4; lastKnownFileType = sourcecode.swift; path = PlaceTableViewCell.swift; sourceTree = "<group>"; };
		CE7C17531D47415A00AD5EFB /* SearchViewController.swift */ = {isa = PBXFileReference; fileEncoding = 4; lastKnownFileType = sourcecode.swift; path = SearchViewController.swift; sourceTree = "<group>"; };
		CE9968921D5A0C5A00519970 /* UserCity.swift */ = {isa = PBXFileReference; fileEncoding = 4; lastKnownFileType = sourcecode.swift; path = UserCity.swift; sourceTree = "<group>"; };
		CE9DE8FE1D5065D60073FC40 /* Launch Screen.storyboard */ = {isa = PBXFileReference; fileEncoding = 4; lastKnownFileType = file.storyboard; path = "Launch Screen.storyboard"; sourceTree = "<group>"; };
		CE9DE9001D54A1C60073FC40 /* SearchBoundary.swift */ = {isa = PBXFileReference; fileEncoding = 4; lastKnownFileType = sourcecode.swift; path = SearchBoundary.swift; sourceTree = "<group>"; };
		CE9DE9071D54F2E70073FC40 /* InteractionGestureExtension.swift */ = {isa = PBXFileReference; fileEncoding = 4; lastKnownFileType = sourcecode.swift; path = InteractionGestureExtension.swift; sourceTree = "<group>"; };
		CEA05A601D63242800E969F1 /* NoLocationServicesView.swift */ = {isa = PBXFileReference; fileEncoding = 4; lastKnownFileType = sourcecode.swift; path = NoLocationServicesView.swift; sourceTree = "<group>"; };
		CED81A071D35F5060037CA59 /* CoreLocation.framework */ = {isa = PBXFileReference; lastKnownFileType = wrapper.framework; name = CoreLocation.framework; path = System/Library/Frameworks/CoreLocation.framework; sourceTree = SDKROOT; };
		CEE3F5B11D49FAB5003F6DD3 /* InteractionGestureRecognizer.swift */ = {isa = PBXFileReference; fileEncoding = 4; lastKnownFileType = sourcecode.swift; path = InteractionGestureRecognizer.swift; sourceTree = "<group>"; };
		CEE3F5B61D4F3243003F6DD3 /* SortingType.swift */ = {isa = PBXFileReference; fileEncoding = 4; lastKnownFileType = sourcecode.swift; path = SortingType.swift; sourceTree = "<group>"; };
		CEEEB0881D5B33A20038BD29 /* NoCityView.swift */ = {isa = PBXFileReference; fileEncoding = 4; lastKnownFileType = sourcecode.swift; path = NoCityView.swift; sourceTree = "<group>"; };
		CEEEB08A1D5C14810038BD29 /* ErrorCode.swift */ = {isa = PBXFileReference; fileEncoding = 4; lastKnownFileType = sourcecode.swift; path = ErrorCode.swift; sourceTree = "<group>"; };
		CEEEB08C1D5C15B00038BD29 /* TableViewExtension.swift */ = {isa = PBXFileReference; fileEncoding = 4; lastKnownFileType = sourcecode.swift; path = TableViewExtension.swift; sourceTree = "<group>"; };
		CEEEB08E1D5C39E40038BD29 /* NoPlacesFound.swift */ = {isa = PBXFileReference; fileEncoding = 4; lastKnownFileType = sourcecode.swift; path = NoPlacesFound.swift; sourceTree = "<group>"; };
		CEEEB0B01D621DA20038BD29 /* NotAvailableCityView.swift */ = {isa = PBXFileReference; fileEncoding = 4; lastKnownFileType = sourcecode.swift; path = NotAvailableCityView.swift; sourceTree = "<group>"; };
		CEF1D5111D34BEBC00A4BFFD /* TimeToEat-Bridging-Header.h */ = {isa = PBXFileReference; lastKnownFileType = sourcecode.c.h; path = "TimeToEat-Bridging-Header.h"; sourceTree = "<group>"; };
		CEF1D5141D34EEEF00A4BFFD /* Fonts.swift */ = {isa = PBXFileReference; fileEncoding = 4; lastKnownFileType = sourcecode.swift; path = Fonts.swift; sourceTree = "<group>"; };
/* End PBXFileReference section */

/* Begin PBXFrameworksBuildPhase section */
		CE5F397C1D2E5AD1004E1A50 /* Frameworks */ = {
			isa = PBXFrameworksBuildPhase;
			buildActionMask = 2147483647;
			files = (
				CED81A081D35F5060037CA59 /* CoreLocation.framework in Frameworks */,
				45F2738889C8C43F68326ED9 /* Pods_TimeToEat.framework in Frameworks */,
			);
			runOnlyForDeploymentPostprocessing = 0;
		};
/* End PBXFrameworksBuildPhase section */

/* Begin PBXGroup section */
		3E9E038B6A42D34DA0D2F0F1 /* Frameworks */ = {
			isa = PBXGroup;
			children = (
				CED81A071D35F5060037CA59 /* CoreLocation.framework */,
				8AB90BA5096B96CE4E320DCD /* Pods_TimeToEat.framework */,
			);
			name = Frameworks;
			sourceTree = "<group>";
		};
		6B6AB096FD844FA4B2827FD0 /* Pods */ = {
			isa = PBXGroup;
			children = (
				124572F240B2D690472B0540 /* Pods-TimeToEat.debug.xcconfig */,
				81F96A18AC138C71CB374D65 /* Pods-TimeToEat.release.xcconfig */,
			);
			name = Pods;
			sourceTree = "<group>";
		};
		CE5F39761D2E5AD1004E1A50 = {
			isa = PBXGroup;
			children = (
				CE5F39811D2E5AD1004E1A50 /* TimeToEat */,
				CE5F39801D2E5AD1004E1A50 /* Products */,
				6B6AB096FD844FA4B2827FD0 /* Pods */,
				3E9E038B6A42D34DA0D2F0F1 /* Frameworks */,
			);
			sourceTree = "<group>";
		};
		CE5F39801D2E5AD1004E1A50 /* Products */ = {
			isa = PBXGroup;
			children = (
				CE5F397F1D2E5AD1004E1A50 /* TimeToEat.app */,
			);
			name = Products;
			sourceTree = "<group>";
		};
		CE5F39811D2E5AD1004E1A50 /* TimeToEat */ = {
			isa = PBXGroup;
			children = (
				CE5F39991D2E5D1B004E1A50 /* Model */,
				CE5F399B1D2E5D28004E1A50 /* View */,
				CE5F399C1D2E5D35004E1A50 /* ViewController */,
				CE5F399D1D2E5FDC004E1A50 /* Categories */,
				CE5F39941D2E5AFA004E1A50 /* Supporting Files */,
			);
			path = TimeToEat;
			sourceTree = "<group>";
		};
		CE5F39941D2E5AFA004E1A50 /* Supporting Files */ = {
			isa = PBXGroup;
			children = (
				CEF1D5111D34BEBC00A4BFFD /* TimeToEat-Bridging-Header.h */,
				CE5F39821D2E5AD1004E1A50 /* AppDelegate.swift */,
				CE5F39891D2E5AD1004E1A50 /* Assets.xcassets */,
				CE5F398E1D2E5AD1004E1A50 /* Info.plist */,
				CE9DE8FE1D5065D60073FC40 /* Launch Screen.storyboard */,
			);
			name = "Supporting Files";
			sourceTree = "<group>";
		};
		CE5F39991D2E5D1B004E1A50 /* Model */ = {
			isa = PBXGroup;
			children = (
				CE5F39A01D2E87B2004E1A50 /* Place.swift */,
				CE108E3B1D391A4C009F62C8 /* Location.swift */,
				CE9968921D5A0C5A00519970 /* UserCity.swift */,
				CE9DE9001D54A1C60073FC40 /* SearchBoundary.swift */,
			);
			name = Model;
			sourceTree = "<group>";
		};
		CE5F399B1D2E5D28004E1A50 /* View */ = {
			isa = PBXGroup;
			children = (
				CED81A0F1D3656AF0037CA59 /* ReuseViews */,
				CE0D34731D40C27D00EC34B6 /* PlaceDetailsView.swift */,
			);
			name = View;
			sourceTree = "<group>";
		};
		CE5F399C1D2E5D35004E1A50 /* ViewController */ = {
			isa = PBXGroup;
			children = (
				CE9DE9021D54A6190073FC40 /* MainViewController */,
				CE9DE9051D54F29D0073FC40 /* MapViewController */,
				CE9DE9061D54F2A50073FC40 /* SearchViewController */,
			);
			name = ViewController;
			sourceTree = "<group>";
		};
		CE5F399D1D2E5FDC004E1A50 /* Categories */ = {
			isa = PBXGroup;
			children = (
				CE5F399E1D2E6011004E1A50 /* Colors.swift */,
				CEF1D5141D34EEEF00A4BFFD /* Fonts.swift */,
				CE0D34751D40EEBB00EC34B6 /* DetailsViewMode.swift */,
				CEE3F5B61D4F3243003F6DD3 /* SortingType.swift */,
				CEEEB08A1D5C14810038BD29 /* ErrorCode.swift */,
			);
			name = Categories;
			sourceTree = "<group>";
		};
		CE9DE9021D54A6190073FC40 /* MainViewController */ = {
			isa = PBXGroup;
			children = (
				CE5F39951D2E5B18004E1A50 /* MainViewController.swift */,
				CEEEB08C1D5C15B00038BD29 /* TableViewExtension.swift */,
			);
			name = MainViewController;
			sourceTree = "<group>";
		};
		CE9DE9051D54F29D0073FC40 /* MapViewController */ = {
			isa = PBXGroup;
			children = (
				CE22DA831D34B72300E44E15 /* MapViewController.swift */,
				CE9DE9071D54F2E70073FC40 /* InteractionGestureExtension.swift */,
			);
			name = MapViewController;
			sourceTree = "<group>";
		};
		CE9DE9061D54F2A50073FC40 /* SearchViewController */ = {
			isa = PBXGroup;
			children = (
				CE7C17531D47415A00AD5EFB /* SearchViewController.swift */,
			);
			name = SearchViewController;
			sourceTree = "<group>";
		};
		CED81A0F1D3656AF0037CA59 /* ReuseViews */ = {
			isa = PBXGroup;
			children = (
				CE5F39A21D2E88A5004E1A50 /* PlaceTableViewCell.swift */,
				CE108E391D390FFB009F62C8 /* ActivityIndicator.swift */,
				CEE3F5B11D49FAB5003F6DD3 /* InteractionGestureRecognizer.swift */,
				CEEEB0881D5B33A20038BD29 /* NoCityView.swift */,
				CEEEB08E1D5C39E40038BD29 /* NoPlacesFound.swift */,
				CEEEB0B01D621DA20038BD29 /* NotAvailableCityView.swift */,
				CEA05A601D63242800E969F1 /* NoLocationServicesView.swift */,
			);
			name = ReuseViews;
			sourceTree = "<group>";
		};
/* End PBXGroup section */

/* Begin PBXNativeTarget section */
		CE5F397E1D2E5AD1004E1A50 /* TimeToEat */ = {
			isa = PBXNativeTarget;
			buildConfigurationList = CE5F39911D2E5AD1004E1A50 /* Build configuration list for PBXNativeTarget "TimeToEat" */;
			buildPhases = (
				71EF120BE753E3147140FC91 /* [CP] Check Pods Manifest.lock */,
				CE5F397B1D2E5AD1004E1A50 /* Sources */,
				CE5F397C1D2E5AD1004E1A50 /* Frameworks */,
				CE5F397D1D2E5AD1004E1A50 /* Resources */,
				40C1671C0EA621D85559EE5A /* [CP] Embed Pods Frameworks */,
				2853D3863FB87D50B4480EEF /* [CP] Copy Pods Resources */,
			);
			buildRules = (
			);
			dependencies = (
			);
			name = TimeToEat;
			productName = TimeToEat;
			productReference = CE5F397F1D2E5AD1004E1A50 /* TimeToEat.app */;
			productType = "com.apple.product-type.application";
		};
/* End PBXNativeTarget section */

/* Begin PBXProject section */
		CE5F39771D2E5AD1004E1A50 /* Project object */ = {
			isa = PBXProject;
			attributes = {
				LastSwiftUpdateCheck = 0730;
				LastUpgradeCheck = 0730;
				ORGANIZATIONNAME = yerassyl;
				TargetAttributes = {
					CE5F397E1D2E5AD1004E1A50 = {
						CreatedOnToolsVersion = 7.3.1;
						DevelopmentTeam = AB65P3C5XF;
					};
				};
			};
			buildConfigurationList = CE5F397A1D2E5AD1004E1A50 /* Build configuration list for PBXProject "TimeToEat" */;
			compatibilityVersion = "Xcode 3.2";
			developmentRegion = English;
			hasScannedForEncodings = 0;
			knownRegions = (
				en,
				Base,
			);
			mainGroup = CE5F39761D2E5AD1004E1A50;
			productRefGroup = CE5F39801D2E5AD1004E1A50 /* Products */;
			projectDirPath = "";
			projectRoot = "";
			targets = (
				CE5F397E1D2E5AD1004E1A50 /* TimeToEat */,
			);
		};
/* End PBXProject section */

/* Begin PBXResourcesBuildPhase section */
		CE5F397D1D2E5AD1004E1A50 /* Resources */ = {
			isa = PBXResourcesBuildPhase;
			buildActionMask = 2147483647;
			files = (
				CE9DE8FF1D5065D60073FC40 /* Launch Screen.storyboard in Resources */,
				CE5F398A1D2E5AD1004E1A50 /* Assets.xcassets in Resources */,
			);
			runOnlyForDeploymentPostprocessing = 0;
		};
/* End PBXResourcesBuildPhase section */

/* Begin PBXShellScriptBuildPhase section */
		2853D3863FB87D50B4480EEF /* [CP] Copy Pods Resources */ = {
			isa = PBXShellScriptBuildPhase;
			buildActionMask = 2147483647;
			files = (
			);
			inputPaths = (
			);
			name = "[CP] Copy Pods Resources";
			outputPaths = (
			);
			runOnlyForDeploymentPostprocessing = 0;
			shellPath = /bin/sh;
			shellScript = "\"${SRCROOT}/Pods/Target Support Files/Pods-TimeToEat/Pods-TimeToEat-resources.sh\"\n";
			showEnvVarsInLog = 0;
		};
		40C1671C0EA621D85559EE5A /* [CP] Embed Pods Frameworks */ = {
			isa = PBXShellScriptBuildPhase;
			buildActionMask = 2147483647;
			files = (
			);
			inputPaths = (
			);
			name = "[CP] Embed Pods Frameworks";
			outputPaths = (
			);
			runOnlyForDeploymentPostprocessing = 0;
			shellPath = /bin/sh;
			shellScript = "\"${SRCROOT}/Pods/Target Support Files/Pods-TimeToEat/Pods-TimeToEat-frameworks.sh\"\n";
			showEnvVarsInLog = 0;
		};
		71EF120BE753E3147140FC91 /* [CP] Check Pods Manifest.lock */ = {
			isa = PBXShellScriptBuildPhase;
			buildActionMask = 2147483647;
			files = (
			);
			inputPaths = (
			);
			name = "[CP] Check Pods Manifest.lock";
			outputPaths = (
			);
			runOnlyForDeploymentPostprocessing = 0;
			shellPath = /bin/sh;
			shellScript = "diff \"${PODS_ROOT}/../Podfile.lock\" \"${PODS_ROOT}/Manifest.lock\" > /dev/null\nif [[ $? != 0 ]] ; then\n    cat << EOM\nerror: The sandbox is not in sync with the Podfile.lock. Run 'pod install' or update your CocoaPods installation.\nEOM\n    exit 1\nfi\n";
			showEnvVarsInLog = 0;
		};
/* End PBXShellScriptBuildPhase section */

/* Begin PBXSourcesBuildPhase section */
		CE5F397B1D2E5AD1004E1A50 /* Sources */ = {
			isa = PBXSourcesBuildPhase;
			buildActionMask = 2147483647;
			files = (
				CEF1D5151D34EEEF00A4BFFD /* Fonts.swift in Sources */,
				CE5F39831D2E5AD1004E1A50 /* AppDelegate.swift in Sources */,
				CE0D34741D40C27D00EC34B6 /* PlaceDetailsView.swift in Sources */,
				CEEEB08B1D5C14810038BD29 /* ErrorCode.swift in Sources */,
				CE108E3A1D390FFB009F62C8 /* ActivityIndicator.swift in Sources */,
				CE22DA841D34B72300E44E15 /* MapViewController.swift in Sources */,
				CEEEB08F1D5C39E40038BD29 /* NoPlacesFound.swift in Sources */,
				CE5F399F1D2E6011004E1A50 /* Colors.swift in Sources */,
				CE5F39961D2E5B18004E1A50 /* MainViewController.swift in Sources */,
				CE7C17541D47415A00AD5EFB /* SearchViewController.swift in Sources */,
				CE9DE9081D54F2E70073FC40 /* InteractionGestureExtension.swift in Sources */,
				CE5F39A11D2E87B2004E1A50 /* Place.swift in Sources */,
				CEE3F5B21D49FAB5003F6DD3 /* InteractionGestureRecognizer.swift in Sources */,
				CEE3F5B71D4F3243003F6DD3 /* SortingType.swift in Sources */,
				CEEEB0891D5B33A20038BD29 /* NoCityView.swift in Sources */,
				CE9968931D5A0C5A00519970 /* UserCity.swift in Sources */,
				CE0D34761D40EEBB00EC34B6 /* DetailsViewMode.swift in Sources */,
				CE108E3C1D391A4C009F62C8 /* Location.swift in Sources */,
				CE5F39A31D2E88A5004E1A50 /* PlaceTableViewCell.swift in Sources */,
				CE9DE9011D54A1C60073FC40 /* SearchBoundary.swift in Sources */,
				CEEEB08D1D5C15B00038BD29 /* TableViewExtension.swift in Sources */,
				CEEEB0B11D621DA20038BD29 /* NotAvailableCityView.swift in Sources */,
				CEA05A611D63242800E969F1 /* NoLocationServicesView.swift in Sources */,
			);
			runOnlyForDeploymentPostprocessing = 0;
		};
/* End PBXSourcesBuildPhase section */

/* Begin XCBuildConfiguration section */
		CE5F398F1D2E5AD1004E1A50 /* Debug */ = {
			isa = XCBuildConfiguration;
			buildSettings = {
				ALWAYS_SEARCH_USER_PATHS = NO;
				CLANG_ANALYZER_NONNULL = YES;
				CLANG_CXX_LANGUAGE_STANDARD = "gnu++0x";
				CLANG_CXX_LIBRARY = "libc++";
				CLANG_ENABLE_MODULES = YES;
				CLANG_ENABLE_OBJC_ARC = YES;
				CLANG_WARN_BOOL_CONVERSION = YES;
				CLANG_WARN_CONSTANT_CONVERSION = YES;
				CLANG_WARN_DIRECT_OBJC_ISA_USAGE = YES_ERROR;
				CLANG_WARN_EMPTY_BODY = YES;
				CLANG_WARN_ENUM_CONVERSION = YES;
				CLANG_WARN_INT_CONVERSION = YES;
				CLANG_WARN_OBJC_ROOT_CLASS = YES_ERROR;
				CLANG_WARN_UNREACHABLE_CODE = YES;
				CLANG_WARN__DUPLICATE_METHOD_MATCH = YES;
				"CODE_SIGN_IDENTITY[sdk=iphoneos*]" = "iPhone Developer";
				COPY_PHASE_STRIP = NO;
				DEBUG_INFORMATION_FORMAT = dwarf;
				ENABLE_STRICT_OBJC_MSGSEND = YES;
				ENABLE_TESTABILITY = YES;
				GCC_C_LANGUAGE_STANDARD = gnu99;
				GCC_DYNAMIC_NO_PIC = NO;
				GCC_NO_COMMON_BLOCKS = YES;
				GCC_OPTIMIZATION_LEVEL = 0;
				GCC_PREPROCESSOR_DEFINITIONS = (
					"DEBUG=1",
					"$(inherited)",
				);
				GCC_WARN_64_TO_32_BIT_CONVERSION = YES;
				GCC_WARN_ABOUT_RETURN_TYPE = YES_ERROR;
				GCC_WARN_UNDECLARED_SELECTOR = YES;
				GCC_WARN_UNINITIALIZED_AUTOS = YES_AGGRESSIVE;
				GCC_WARN_UNUSED_FUNCTION = YES;
				GCC_WARN_UNUSED_VARIABLE = YES;
				IPHONEOS_DEPLOYMENT_TARGET = 9.3;
				MTL_ENABLE_DEBUG_INFO = YES;
				ONLY_ACTIVE_ARCH = YES;
				SDKROOT = iphoneos;
				SWIFT_OPTIMIZATION_LEVEL = "-Onone";
			};
			name = Debug;
		};
		CE5F39901D2E5AD1004E1A50 /* Release */ = {
			isa = XCBuildConfiguration;
			buildSettings = {
				ALWAYS_SEARCH_USER_PATHS = NO;
				CLANG_ANALYZER_NONNULL = YES;
				CLANG_CXX_LANGUAGE_STANDARD = "gnu++0x";
				CLANG_CXX_LIBRARY = "libc++";
				CLANG_ENABLE_MODULES = YES;
				CLANG_ENABLE_OBJC_ARC = YES;
				CLANG_WARN_BOOL_CONVERSION = YES;
				CLANG_WARN_CONSTANT_CONVERSION = YES;
				CLANG_WARN_DIRECT_OBJC_ISA_USAGE = YES_ERROR;
				CLANG_WARN_EMPTY_BODY = YES;
				CLANG_WARN_ENUM_CONVERSION = YES;
				CLANG_WARN_INT_CONVERSION = YES;
				CLANG_WARN_OBJC_ROOT_CLASS = YES_ERROR;
				CLANG_WARN_UNREACHABLE_CODE = YES;
				CLANG_WARN__DUPLICATE_METHOD_MATCH = YES;
				"CODE_SIGN_IDENTITY[sdk=iphoneos*]" = "iPhone Developer";
				COPY_PHASE_STRIP = NO;
				DEBUG_INFORMATION_FORMAT = "dwarf-with-dsym";
				ENABLE_NS_ASSERTIONS = NO;
				ENABLE_STRICT_OBJC_MSGSEND = YES;
				GCC_C_LANGUAGE_STANDARD = gnu99;
				GCC_NO_COMMON_BLOCKS = YES;
				GCC_WARN_64_TO_32_BIT_CONVERSION = YES;
				GCC_WARN_ABOUT_RETURN_TYPE = YES_ERROR;
				GCC_WARN_UNDECLARED_SELECTOR = YES;
				GCC_WARN_UNINITIALIZED_AUTOS = YES_AGGRESSIVE;
				GCC_WARN_UNUSED_FUNCTION = YES;
				GCC_WARN_UNUSED_VARIABLE = YES;
				IPHONEOS_DEPLOYMENT_TARGET = 9.3;
				MTL_ENABLE_DEBUG_INFO = NO;
				SDKROOT = iphoneos;
				VALIDATE_PRODUCT = YES;
			};
			name = Release;
		};
		CE5F39921D2E5AD1004E1A50 /* Debug */ = {
			isa = XCBuildConfiguration;
			baseConfigurationReference = 124572F240B2D690472B0540 /* Pods-TimeToEat.debug.xcconfig */;
			buildSettings = {
				ASSETCATALOG_COMPILER_APPICON_NAME = AppIcon;
				CLANG_ENABLE_MODULES = YES;
				CODE_SIGN_IDENTITY = "iPhone Developer";
				"CODE_SIGN_IDENTITY[sdk=iphoneos*]" = "iPhone Developer";
				INFOPLIST_FILE = TimeToEat/Info.plist;
				IPHONEOS_DEPLOYMENT_TARGET = 8.0;
				LD_RUNPATH_SEARCH_PATHS = "$(inherited) @executable_path/Frameworks";
				PRODUCT_BUNDLE_IDENTIFIER = com.TimeToEat;
				PRODUCT_NAME = "$(TARGET_NAME)";
				PROVISIONING_PROFILE = "";
				SWIFT_OBJC_BRIDGING_HEADER = "TimeToEat/TimeToEat-Bridging-Header.h";
				SWIFT_OPTIMIZATION_LEVEL = "-Onone";
				TARGETED_DEVICE_FAMILY = 1;
			};
			name = Debug;
		};
		CE5F39931D2E5AD1004E1A50 /* Release */ = {
			isa = XCBuildConfiguration;
			baseConfigurationReference = 81F96A18AC138C71CB374D65 /* Pods-TimeToEat.release.xcconfig */;
			buildSettings = {
				ASSETCATALOG_COMPILER_APPICON_NAME = AppIcon;
				CLANG_ENABLE_MODULES = YES;
				CODE_SIGN_IDENTITY = "iPhone Developer";
				"CODE_SIGN_IDENTITY[sdk=iphoneos*]" = "iPhone Developer";
				INFOPLIST_FILE = TimeToEat/Info.plist;
				IPHONEOS_DEPLOYMENT_TARGET = 8.0;
				LD_RUNPATH_SEARCH_PATHS = "$(inherited) @executable_path/Frameworks";
				PRODUCT_BUNDLE_IDENTIFIER = com.TimeToEat;
				PRODUCT_NAME = "$(TARGET_NAME)";
				PROVISIONING_PROFILE = "";
				SWIFT_OBJC_BRIDGING_HEADER = "TimeToEat/TimeToEat-Bridging-Header.h";
				TARGETED_DEVICE_FAMILY = 1;
			};
			name = Release;
		};
/* End XCBuildConfiguration section */

/* Begin XCConfigurationList section */
		CE5F397A1D2E5AD1004E1A50 /* Build configuration list for PBXProject "TimeToEat" */ = {
			isa = XCConfigurationList;
			buildConfigurations = (
				CE5F398F1D2E5AD1004E1A50 /* Debug */,
				CE5F39901D2E5AD1004E1A50 /* Release */,
			);
			defaultConfigurationIsVisible = 0;
			defaultConfigurationName = Release;
		};
		CE5F39911D2E5AD1004E1A50 /* Build configuration list for PBXNativeTarget "TimeToEat" */ = {
			isa = XCConfigurationList;
			buildConfigurations = (
				CE5F39921D2E5AD1004E1A50 /* Debug */,
				CE5F39931D2E5AD1004E1A50 /* Release */,
			);
			defaultConfigurationIsVisible = 0;
			defaultConfigurationName = Release;
		};
/* End XCConfigurationList section */
	};
	rootObject = CE5F39771D2E5AD1004E1A50 /* Project object */;
}
